
Microsoft Visual Studio Solution File, Format Version 12.00
# Visual Studio Version 17
VisualStudioVersion = 17.11.35327.3
MinimumVisualStudioVersion = 10.0.40219.1
Project("{9A19103F-16F7-4668-BE54-9A1E7A4F7556}") = "TechDeck.Api", "TechDeck.Api\TechDeck.Api.csproj", "{727F2313-8DAD-454D-ABF6-EE80B776C2F8}"
EndProject
Project("{00D1A9C2-B5F0-4AF3-8072-F6C62B433612}") = "TechDeck.Database", "TechDeck.Database\TechDeck.Database.sqlproj", "{C7D1F837-4955-4FAD-9412-C052227981DE}"
EndProject
Project("{9A19103F-16F7-4668-BE54-9A1E7A4F7556}") = "TechDeck.Core", "TechDeck.Core\TechDeck.Core.csproj", "{841A8C8D-4204-4AB7-910F-F78F506FC17B}"
EndProject
Project("{9A19103F-16F7-4668-BE54-9A1E7A4F7556}") = "TechDeck.Persistence", "TechDeck.Persistence\TechDeck.Persistence.csproj", "{70ABD97A-6420-4EE8-83D8-AD0236EB261B}"
EndProject
Project("{FAE04EC0-301F-11D3-BF4B-00C04F79EFBC}") = "TechDeck.Identity", "TechDeck.Identity\TechDeck.Identity.csproj", "{48E2971C-7FA3-4B9A-B5A6-A39FB4484840}"
EndProject
Project("{2150E333-8FDC-42A3-9474-1A3956D46DE8}") = "Tests", "Tests", "{9D2C5499-0046-45A9-B6A6-C61796214C17}"
EndProject
Project("{FAE04EC0-301F-11D3-BF4B-00C04F79EFBC}") = "TechDeck.UnitTests", "TechDeck.UnitTests\TechDeck.UnitTests.csproj", "{7F8683AC-0703-45B5-A920-1CBC51C1CCCD}"
EndProject
Global
	GlobalSection(SolutionConfigurationPlatforms) = preSolution
		Debug|Any CPU = Debug|Any CPU
		Release|Any CPU = Release|Any CPU
	EndGlobalSection
	GlobalSection(ProjectConfigurationPlatforms) = postSolution
		{727F2313-8DAD-454D-ABF6-EE80B776C2F8}.Debug|Any CPU.ActiveCfg = Debug|Any CPU
		{727F2313-8DAD-454D-ABF6-EE80B776C2F8}.Debug|Any CPU.Build.0 = Debug|Any CPU
		{727F2313-8DAD-454D-ABF6-EE80B776C2F8}.Release|Any CPU.ActiveCfg = Release|Any CPU
		{727F2313-8DAD-454D-ABF6-EE80B776C2F8}.Release|Any CPU.Build.0 = Release|Any CPU
		{C7D1F837-4955-4FAD-9412-C052227981DE}.Debug|Any CPU.ActiveCfg = Debug|Any CPU
		{C7D1F837-4955-4FAD-9412-C052227981DE}.Debug|Any CPU.Build.0 = Debug|Any CPU
		{C7D1F837-4955-4FAD-9412-C052227981DE}.Debug|Any CPU.Deploy.0 = Debug|Any CPU
		{C7D1F837-4955-4FAD-9412-C052227981DE}.Release|Any CPU.ActiveCfg = Release|Any CPU
		{C7D1F837-4955-4FAD-9412-C052227981DE}.Release|Any CPU.Build.0 = Release|Any CPU
		{C7D1F837-4955-4FAD-9412-C052227981DE}.Release|Any CPU.Deploy.0 = Release|Any CPU
		{841A8C8D-4204-4AB7-910F-F78F506FC17B}.Debug|Any CPU.ActiveCfg = Debug|Any CPU
		{841A8C8D-4204-4AB7-910F-F78F506FC17B}.Debug|Any CPU.Build.0 = Debug|Any CPU
		{841A8C8D-4204-4AB7-910F-F78F506FC17B}.Release|Any CPU.ActiveCfg = Release|Any CPU
		{841A8C8D-4204-4AB7-910F-F78F506FC17B}.Release|Any CPU.Build.0 = Release|Any CPU
		{70ABD97A-6420-4EE8-83D8-AD0236EB261B}.Debug|Any CPU.ActiveCfg = Debug|Any CPU
		{70ABD97A-6420-4EE8-83D8-AD0236EB261B}.Debug|Any CPU.Build.0 = Debug|Any CPU
		{70ABD97A-6420-4EE8-83D8-AD0236EB261B}.Release|Any CPU.ActiveCfg = Release|Any CPU
		{70ABD97A-6420-4EE8-83D8-AD0236EB261B}.Release|Any CPU.Build.0 = Release|Any CPU
		{48E2971C-7FA3-4B9A-B5A6-A39FB4484840}.Debug|Any CPU.ActiveCfg = Debug|Any CPU
		{48E2971C-7FA3-4B9A-B5A6-A39FB4484840}.Debug|Any CPU.Build.0 = Debug|Any CPU
		{48E2971C-7FA3-4B9A-B5A6-A39FB4484840}.Release|Any CPU.ActiveCfg = Release|Any CPU
		{48E2971C-7FA3-4B9A-B5A6-A39FB4484840}.Release|Any CPU.Build.0 = Release|Any CPU
		{7F8683AC-0703-45B5-A920-1CBC51C1CCCD}.Debug|Any CPU.ActiveCfg = Debug|Any CPU
		{7F8683AC-0703-45B5-A920-1CBC51C1CCCD}.Debug|Any CPU.Build.0 = Debug|Any CPU
		{7F8683AC-0703-45B5-A920-1CBC51C1CCCD}.Release|Any CPU.ActiveCfg = Release|Any CPU
		{7F8683AC-0703-45B5-A920-1CBC51C1CCCD}.Release|Any CPU.Build.0 = Release|Any CPU
	EndGlobalSection
	GlobalSection(SolutionProperties) = preSolution
		HideSolutionNode = FALSE
	EndGlobalSection
	GlobalSection(NestedProjects) = preSolution
		{7F8683AC-0703-45B5-A920-1CBC51C1CCCD} = {9D2C5499-0046-45A9-B6A6-C61796214C17}
	EndGlobalSection
	GlobalSection(ExtensibilityGlobals) = postSolution
		SolutionGuid = {CCE78520-7819-4FDE-8949-1144B9E6AFFE}
	EndGlobalSection
EndGlobal
